// !$*UTF8*$!
{
	archiveVersion = 1;
	classes = {
	};
	objectVersion = 50;
	objects = {

/* Begin PBXBuildFile section */
		09ABA206264EF5A40074CEE2 /* AppDelegate.swift in Sources */ = {isa = PBXBuildFile; fileRef = 09ABA205264EF5A40074CEE2 /* AppDelegate.swift */; };
		09ABA208264EF5A40074CEE2 /* SceneDelegate.swift in Sources */ = {isa = PBXBuildFile; fileRef = 09ABA207264EF5A40074CEE2 /* SceneDelegate.swift */; };
		09ABA20D264EF5A40074CEE2 /* Main.storyboard in Resources */ = {isa = PBXBuildFile; fileRef = 09ABA20B264EF5A40074CEE2 /* Main.storyboard */; };
		09ABA20F264EF5A40074CEE2 /* Assets.xcassets in Resources */ = {isa = PBXBuildFile; fileRef = 09ABA20E264EF5A40074CEE2 /* Assets.xcassets */; };
		09ABA212264EF5A40074CEE2 /* LaunchScreen.storyboard in Resources */ = {isa = PBXBuildFile; fileRef = 09ABA210264EF5A40074CEE2 /* LaunchScreen.storyboard */; };
		09F29C3B264F032A00CA7028 /* CustomPrettyView.swift in Sources */ = {isa = PBXBuildFile; fileRef = 09F29C3A264F032A00CA7028 /* CustomPrettyView.swift */; };
		09F29C3E264F034400CA7028 /* ViewController.swift in Sources */ = {isa = PBXBuildFile; fileRef = 09F29C3D264F034400CA7028 /* ViewController.swift */; };
		09F29C41264F036F00CA7028 /* AppleProduct.swift in Sources */ = {isa = PBXBuildFile; fileRef = 09F29C40264F036F00CA7028 /* AppleProduct.swift */; };
/* End PBXBuildFile section */

/* Begin PBXFileReference section */
		09ABA202264EF5A40074CEE2 /* 15-mvc.app */ = {isa = PBXFileReference; explicitFileType = wrapper.application; includeInIndex = 0; path = "15-mvc.app"; sourceTree = BUILT_PRODUCTS_DIR; };
		09ABA205264EF5A40074CEE2 /* AppDelegate.swift */ = {isa = PBXFileReference; lastKnownFileType = sourcecode.swift; path = AppDelegate.swift; sourceTree = "<group>"; };
		09ABA207264EF5A40074CEE2 /* SceneDelegate.swift */ = {isa = PBXFileReference; lastKnownFileType = sourcecode.swift; path = SceneDelegate.swift; sourceTree = "<group>"; };
		09ABA20C264EF5A40074CEE2 /* Base */ = {isa = PBXFileReference; lastKnownFileType = file.storyboard; name = Base; path = Base.lproj/Main.storyboard; sourceTree = "<group>"; };
		09ABA20E264EF5A40074CEE2 /* Assets.xcassets */ = {isa = PBXFileReference; lastKnownFileType = folder.assetcatalog; path = Assets.xcassets; sourceTree = "<group>"; };
		09ABA211264EF5A40074CEE2 /* Base */ = {isa = PBXFileReference; lastKnownFileType = file.storyboard; name = Base; path = Base.lproj/LaunchScreen.storyboard; sourceTree = "<group>"; };
		09ABA213264EF5A40074CEE2 /* Info.plist */ = {isa = PBXFileReference; lastKnownFileType = text.plist.xml; path = Info.plist; sourceTree = "<group>"; };
		09F29C3A264F032A00CA7028 /* CustomPrettyView.swift */ = {isa = PBXFileReference; lastKnownFileType = sourcecode.swift; path = CustomPrettyView.swift; sourceTree = "<group>"; };
		09F29C3D264F034400CA7028 /* ViewController.swift */ = {isa = PBXFileReference; fileEncoding = 4; lastKnownFileType = sourcecode.swift; path = ViewController.swift; sourceTree = "<group>"; };
		09F29C40264F036F00CA7028 /* AppleProduct.swift */ = {isa = PBXFileReference; lastKnownFileType = sourcecode.swift; path = AppleProduct.swift; sourceTree = "<group>"; };
/* End PBXFileReference section */

/* Begin PBXFrameworksBuildPhase section */
		09ABA1FF264EF5A40074CEE2 /* Frameworks */ = {
			isa = PBXFrameworksBuildPhase;
			buildActionMask = 2147483647;
			files = (
			);
			runOnlyForDeploymentPostprocessing = 0;
		};
/* End PBXFrameworksBuildPhase section */

/* Begin PBXGroup section */
		09ABA1F9264EF5A40074CEE2 = {
			isa = PBXGroup;
			children = (
				09ABA204264EF5A40074CEE2 /* 15-mvc */,
				09ABA203264EF5A40074CEE2 /* Products */,
			);
			sourceTree = "<group>";
		};
		09ABA203264EF5A40074CEE2 /* Products */ = {
			isa = PBXGroup;
			children = (
				09ABA202264EF5A40074CEE2 /* 15-mvc.app */,
			);
			name = Products;
			sourceTree = "<group>";
		};
		09ABA204264EF5A40074CEE2 /* 15-mvc */ = {
			isa = PBXGroup;
			children = (
				09F29C44264F039400CA7028 /* View */,
				09F29C43264F038E00CA7028 /* Model */,
				09F29C3F264F035F00CA7028 /* Controller */,
				09ABA205264EF5A40074CEE2 /* AppDelegate.swift */,
				09ABA207264EF5A40074CEE2 /* SceneDelegate.swift */,
				09ABA20B264EF5A40074CEE2 /* Main.storyboard */,
				09ABA20E264EF5A40074CEE2 /* Assets.xcassets */,
				09ABA210264EF5A40074CEE2 /* LaunchScreen.storyboard */,
				09ABA213264EF5A40074CEE2 /* Info.plist */,
			);
			path = "15-mvc";
			sourceTree = "<group>";
		};
		09F29C3F264F035F00CA7028 /* Controller */ = {
			isa = PBXGroup;
			children = (
				09F29C3D264F034400CA7028 /* ViewController.swift */,
			);
			path = Controller;
			sourceTree = "<group>";
		};
		09F29C43264F038E00CA7028 /* Model */ = {
			isa = PBXGroup;
			children = (
				09F29C40264F036F00CA7028 /* AppleProduct.swift */,
			);
			path = Model;
			sourceTree = "<group>";
		};
		09F29C44264F039400CA7028 /* View */ = {
			isa = PBXGroup;
			children = (
				09F29C3A264F032A00CA7028 /* CustomPrettyView.swift */,
			);
			path = View;
			sourceTree = "<group>";
		};
/* End PBXGroup section */

/* Begin PBXNativeTarget section */
		09ABA201264EF5A40074CEE2 /* 15-mvc */ = {
			isa = PBXNativeTarget;
			buildConfigurationList = 09ABA216264EF5A40074CEE2 /* Build configuration list for PBXNativeTarget "15-mvc" */;
			buildPhases = (
				09ABA1FE264EF5A40074CEE2 /* Sources */,
				09ABA1FF264EF5A40074CEE2 /* Frameworks */,
				09ABA200264EF5A40074CEE2 /* Resources */,
			);
			buildRules = (
			);
			dependencies = (
			);
			name = "15-mvc";
			productName = "15-mvc";
			productReference = 09ABA202264EF5A40074CEE2 /* 15-mvc.app */;
			productType = "com.apple.product-type.application";
		};
/* End PBXNativeTarget section */

/* Begin PBXProject section */
		09ABA1FA264EF5A40074CEE2 /* Project object */ = {
			isa = PBXProject;
			attributes = {
				LastSwiftUpdateCheck = 1250;
				LastUpgradeCheck = 1250;
				TargetAttributes = {
					09ABA201264EF5A40074CEE2 = {
						CreatedOnToolsVersion = 12.5;
					};
				};
			};
			buildConfigurationList = 09ABA1FD264EF5A40074CEE2 /* Build configuration list for PBXProject "15-mvc" */;
			compatibilityVersion = "Xcode 9.3";
			developmentRegion = en;
			hasScannedForEncodings = 0;
			knownRegions = (
				en,
				Base,
			);
			mainGroup = 09ABA1F9264EF5A40074CEE2;
			productRefGroup = 09ABA203264EF5A40074CEE2 /* Products */;
			projectDirPath = "";
			projectRoot = "";
			targets = (
				09ABA201264EF5A40074CEE2 /* 15-mvc */,
			);
		};
/* End PBXProject section */

/* Begin PBXResourcesBuildPhase section */
		09ABA200264EF5A40074CEE2 /* Resources */ = {
			isa = PBXResourcesBuildPhase;
			buildActionMask = 2147483647;
			files = (
				09ABA212264EF5A40074CEE2 /* LaunchScreen.storyboard in Resources */,
				09ABA20F264EF5A40074CEE2 /* Assets.xcassets in Resources */,
				09ABA20D264EF5A40074CEE2 /* Main.storyboard in Resources */,
			);
			runOnlyForDeploymentPostprocessing = 0;
		};
/* End PBXResourcesBuildPhase section */

/* Begin PBXSourcesBuildPhase section */
		09ABA1FE264EF5A40074CEE2 /* Sources */ = {
			isa = PBXSourcesBuildPhase;
			buildActionMask = 2147483647;
			files = (
				09F29C3B264F032A00CA7028 /* CustomPrettyView.swift in Sources */,
				09ABA206264EF5A40074CEE2 /* AppDelegate.swift in Sources */,
				09F29C3E264F034400CA7028 /* ViewController.swift in Sources */,
				09ABA208264EF5A40074CEE2 /* SceneDelegate.swift in Sources */,
				09F29C41264F036F00CA7028 /* AppleProduct.swift in Sources */,
			);
			runOnlyForDeploymentPostprocessing = 0;
		};
/* End PBXSourcesBuildPhase section */

/* Begin PBXVariantGroup section */
		09ABA20B264EF5A40074CEE2 /* Main.storyboard */ = {
			isa = PBXVariantGroup;
			children = (
				09ABA20C264EF5A40074CEE2 /* Base */,
			);
			name = Main.storyboard;
			sourceTree = "<group>";
		};
		09ABA210264EF5A40074CEE2 /* LaunchScreen.storyboard */ = {
			isa = PBXVariantGroup;
			children = (
				09ABA211264EF5A40074CEE2 /* Base */,
			);
			name = LaunchScreen.storyboard;
			sourceTree = "<group>";
		};
/* End PBXVariantGroup section */

/* Begin XCBuildConfiguration section */
		09ABA214264EF5A40074CEE2 /* Debug */ = {
			isa = XCBuildConfiguration;
			buildSettings = {
				ALWAYS_SEARCH_USER_PATHS = NO;
				CLANG_ANALYZER_NONNULL = YES;
				CLANG_ANALYZER_NUMBER_OBJECT_CONVERSION = YES_AGGRESSIVE;
				CLANG_CXX_LANGUAGE_STANDARD = "gnu++14";
				CLANG_CXX_LIBRARY = "libc++";
				CLANG_ENABLE_MODULES = YES;
				CLANG_ENABLE_OBJC_ARC = YES;
				CLANG_ENABLE_OBJC_WEAK = YES;
				CLANG_WARN_BLOCK_CAPTURE_AUTORELEASING = YES;
				CLANG_WARN_BOOL_CONVERSION = YES;
				CLANG_WARN_COMMA = YES;
				CLANG_WARN_CONSTANT_CONVERSION = YES;
				CLANG_WARN_DEPRECATED_OBJC_IMPLEMENTATIONS = YES;
				CLANG_WARN_DIRECT_OBJC_ISA_USAGE = YES_ERROR;
				CLANG_WARN_DOCUMENTATION_COMMENTS = YES;
				CLANG_WARN_EMPTY_BODY = YES;
				CLANG_WARN_ENUM_CONVERSION = YES;
				CLANG_WARN_INFINITE_RECURSION = YES;
				CLANG_WARN_INT_CONVERSION = YES;
				CLANG_WARN_NON_LITERAL_NULL_CONVERSION = YES;
				CLANG_WARN_OBJC_IMPLICIT_RETAIN_SELF = YES;
				CLANG_WARN_OBJC_LITERAL_CONVERSION = YES;
				CLANG_WARN_OBJC_ROOT_CLASS = YES_ERROR;
				CLANG_WARN_QUOTED_INCLUDE_IN_FRAMEWORK_HEADER = YES;
				CLANG_WARN_RANGE_LOOP_ANALYSIS = YES;
				CLANG_WARN_STRICT_PROTOTYPES = YES;
				CLANG_WARN_SUSPICIOUS_MOVE = YES;
				CLANG_WARN_UNGUARDED_AVAILABILITY = YES_AGGRESSIVE;
				CLANG_WARN_UNREACHABLE_CODE = YES;
				CLANG_WARN__DUPLICATE_METHOD_MATCH = YES;
				COPY_PHASE_STRIP = NO;
				DEBUG_INFORMATION_FORMAT = dwarf;
				ENABLE_STRICT_OBJC_MSGSEND = YES;
				ENABLE_TESTABILITY = YES;
				GCC_C_LANGUAGE_STANDARD = gnu11;
				GCC_DYNAMIC_NO_PIC = NO;
				GCC_NO_COMMON_BLOCKS = YES;
				GCC_OPTIMIZATION_LEVEL = 0;
				GCC_PREPROCESSOR_DEFINITIONS = (
					"DEBUG=1",
					"$(inherited)",
				);
				GCC_WARN_64_TO_32_BIT_CONVERSION = YES;
				GCC_WARN_ABOUT_RETURN_TYPE = YES_ERROR;
				GCC_WARN_UNDECLARED_SELECTOR = YES;
				GCC_WARN_UNINITIALIZED_AUTOS = YES_AGGRESSIVE;
				GCC_WARN_UNUSED_FUNCTION = YES;
				GCC_WARN_UNUSED_VARIABLE = YES;
				IPHONEOS_DEPLOYMENT_TARGET = 14.5;
				MTL_ENABLE_DEBUG_INFO = INCLUDE_SOURCE;
				MTL_FAST_MATH = YES;
				ONLY_ACTIVE_ARCH = YES;
				SDKROOT = iphoneos;
				SWIFT_ACTIVE_COMPILATION_CONDITIONS = DEBUG;
				SWIFT_OPTIMIZATION_LEVEL = "-Onone";
			};
			name = Debug;
		};
		09ABA215264EF5A40074CEE2 /* Release */ = {
			isa = XCBuildConfiguration;
			buildSettings = {
				ALWAYS_SEARCH_USER_PATHS = NO;
				CLANG_ANALYZER_NONNULL = YES;
				CLANG_ANALYZER_NUMBER_OBJECT_CONVERSION = YES_AGGRESSIVE;
				CLANG_CXX_LANGUAGE_STANDARD = "gnu++14";
				CLANG_CXX_LIBRARY = "libc++";
				CLANG_ENABLE_MODULES = YES;
				CLANG_ENABLE_OBJC_ARC = YES;
				CLANG_ENABLE_OBJC_WEAK = YES;
				CLANG_WARN_BLOCK_CAPTURE_AUTORELEASING = YES;
				CLANG_WARN_BOOL_CONVERSION = YES;
				CLANG_WARN_COMMA = YES;
				CLANG_WARN_CONSTANT_CONVERSION = YES;
				CLANG_WARN_DEPRECATED_OBJC_IMPLEMENTATIONS = YES;
				CLANG_WARN_DIRECT_OBJC_ISA_USAGE = YES_ERROR;
				CLANG_WARN_DOCUMENTATION_COMMENTS = YES;
				CLANG_WARN_EMPTY_BODY = YES;
				CLANG_WARN_ENUM_CONVERSION = YES;
				CLANG_WARN_INFINITE_RECURSION = YES;
				CLANG_WARN_INT_CONVERSION = YES;
				CLANG_WARN_NON_LITERAL_NULL_CONVERSION = YES;
				CLANG_WARN_OBJC_IMPLICIT_RETAIN_SELF = YES;
				CLANG_WARN_OBJC_LITERAL_CONVERSION = YES;
				CLANG_WARN_OBJC_ROOT_CLASS = YES_ERROR;
				CLANG_WARN_QUOTED_INCLUDE_IN_FRAMEWORK_HEADER = YES;
				CLANG_WARN_RANGE_LOOP_ANALYSIS = YES;
				CLANG_WARN_STRICT_PROTOTYPES = YES;
				CLANG_WARN_SUSPICIOUS_MOVE = YES;
				CLANG_WARN_UNGUARDED_AVAILABILITY = YES_AGGRESSIVE;
				CLANG_WARN_UNREACHABLE_CODE = YES;
				CLANG_WARN__DUPLICATE_METHOD_MATCH = YES;
				COPY_PHASE_STRIP = NO;
				DEBUG_INFORMATION_FORMAT = "dwarf-with-dsym";
				ENABLE_NS_ASSERTIONS = NO;
				ENABLE_STRICT_OBJC_MSGSEND = YES;
				GCC_C_LANGUAGE_STANDARD = gnu11;
				GCC_NO_COMMON_BLOCKS = YES;
				GCC_WARN_64_TO_32_BIT_CONVERSION = YES;
				GCC_WARN_ABOUT_RETURN_TYPE = YES_ERROR;
				GCC_WARN_UNDECLARED_SELECTOR = YES;
				GCC_WARN_UNINITIALIZED_AUTOS = YES_AGGRESSIVE;
				GCC_WARN_UNUSED_FUNCTION = YES;
				GCC_WARN_UNUSED_VARIABLE = YES;
				IPHONEOS_DEPLOYMENT_TARGET = 14.5;
				MTL_ENABLE_DEBUG_INFO = NO;
				MTL_FAST_MATH = YES;
				SDKROOT = iphoneos;
				SWIFT_COMPILATION_MODE = wholemodule;
				SWIFT_OPTIMIZATION_LEVEL = "-O";
				VALIDATE_PRODUCT = YES;
			};
			name = Release;
		};
		09ABA217264EF5A40074CEE2 /* Debug */ = {
			isa = XCBuildConfiguration;
			buildSettings = {
				ASSETCATALOG_COMPILER_APPICON_NAME = AppIcon;
				ASSETCATALOG_COMPILER_GLOBAL_ACCENT_COLOR_NAME = AccentColor;
				CODE_SIGN_STYLE = Automatic;
				INFOPLIST_FILE = "15-mvc/Info.plist";
				LD_RUNPATH_SEARCH_PATHS = (
					"$(inherited)",
					"@executable_path/Frameworks",
				);
				PRODUCT_BUNDLE_IDENTIFIER = "com.bbkdevelopment.-5-mvc";
				PRODUCT_NAME = "$(TARGET_NAME)";
				SWIFT_VERSION = 5.0;
				TARGETED_DEVICE_FAMILY = "1,2";
			};
			name = Debug;
		};
		09ABA218264EF5A40074CEE2 /* Release */ = {
			isa = XCBuildConfiguration;
			buildSettings = {
				ASSETCATALOG_COMPILER_APPICON_NAME = AppIcon;
				ASSETCATALOG_COMPILER_GLOBAL_ACCENT_COLOR_NAME = AccentColor;
				CODE_SIGN_STYLE = Automatic;
				INFOPLIST_FILE = "15-mvc/Info.plist";
				LD_RUNPATH_SEARCH_PATHS = (
					"$(inherited)",
					"@executable_path/Frameworks",
				);
				PRODUCT_BUNDLE_IDENTIFIER = "com.bbkdevelopment.-5-mvc";
				PRODUCT_NAME = "$(TARGET_NAME)";
				SWIFT_VERSION = 5.0;
				TARGETED_DEVICE_FAMILY = "1,2";
			};
			name = Release;
		};
/* End XCBuildConfiguration section */

/* Begin XCConfigurationList section */
		09ABA1FD264EF5A40074CEE2 /* Build configuration list for PBXProject "15-mvc" */ = {
			isa = XCConfigurationList;
			buildConfigurations = (
				09ABA214264EF5A40074CEE2 /* Debug */,
				09ABA215264EF5A40074CEE2 /* Release */,
			);
			defaultConfigurationIsVisible = 0;
			defaultConfigurationName = Release;
		};
		09ABA216264EF5A40074CEE2 /* Build configuration list for PBXNativeTarget "15-mvc" */ = {
			isa = XCConfigurationList;
			buildConfigurations = (
				09ABA217264EF5A40074CEE2 /* Debug */,
				09ABA218264EF5A40074CEE2 /* Release */,
			);
			defaultConfigurationIsVisible = 0;
			defaultConfigurationName = Release;
		};
/* End XCConfigurationList section */
	};
	rootObject = 09ABA1FA264EF5A40074CEE2 /* Project object */;
}
